
Microsoft Visual Studio Solution File, Format Version 12.00
# Visual Studio Version 16
VisualStudioVersion = 25.0.1705.2
MinimumVisualStudioVersion = 10.0.40219.1
Project("{FAE04EC0-301F-11D3-BF4B-00C04F79EFBC}") = "Volpara API", "Volpara API\Volpara API.csproj", "{B1D4B501-7154-4DD9-AE52-D43247D907B2}"
EndProject
Global
	GlobalSection(SolutionConfigurationPlatforms) = preSolution
		Debug|Any CPU = Debug|Any CPU
		Release|Any CPU = Release|Any CPU
	EndGlobalSection
	GlobalSection(ProjectConfigurationPlatforms) = postSolution
		{B1D4B501-7154-4DD9-AE52-D43247D907B2}.Debug|Any CPU.ActiveCfg = Debug|Any CPU
		{B1D4B501-7154-4DD9-AE52-D43247D907B2}.Debug|Any CPU.Build.0 = Debug|Any CPU
		{B1D4B501-7154-4DD9-AE52-D43247D907B2}.Release|Any CPU.ActiveCfg = Release|Any CPU
		{B1D4B501-7154-4DD9-AE52-D43247D907B2}.Release|Any CPU.Build.0 = Release|Any CPU
	EndGlobalSection
	GlobalSection(SolutionProperties) = preSolution
		HideSolutionNode = FALSE
	EndGlobalSection
	GlobalSection(ExtensibilityGlobals) = postSolution
		SolutionGuid = {F9D0496A-34EA-403B-A0A4-3734DA4EE16D}
	EndGlobalSection
EndGlobal
